<?xml version="1.0" encoding="utf-8"?>
<Project ToolsVersion="4.0" xmlns="http://schemas.microsoft.com/developer/msbuild/2003">
  <ItemGroup>
    <ClCompile Include="4618_Template.cpp" />
    <ClCompile Include="CBase4618.cpp" />
    <ClCompile Include="CCourse.cpp" />
    <ClCompile Include="CSketch.cpp" />
    <ClCompile Include="Pong.cpp" />
    <ClCompile Include="Serial.cpp" />
    <ClCompile Include="server.cpp" />
    <ClCompile Include="CControl.cpp" />
    <ClCompile Include="stdafx.cpp" />
    <ClCompile Include="CInvader.cpp" />
    <ClCompile Include="CMissile.cpp" />
  </ItemGroup>
  <ItemGroup>
    <ClInclude Include="CBase4618.h" />
    <ClInclude Include="CControl.h" />
    <ClInclude Include="CCourse.h" />
    <ClInclude Include="CStudent.h" />
    <ClInclude Include="cvui.h" />
    <ClInclude Include="Pong.h" />
    <ClInclude Include="Serial.h" />
    <ClInclude Include="server.h" />
    <ClInclude Include="stdafx.h" />
    <ClInclude Include="CMissile.h" />
  </ItemGroup>
</Project>